{
  "lib/chainlink-ccip": {
    "tag": {
      "name": "contracts-ccip-v1.6.2",
      "rev": "0e3e0fc5c0f70f0d50dca66b139142ddf3009294"
    }
  },
  "lib/chainlink-evm": {
    "rev": "86aa5a1d34b20eda8d18fe6eb0e4882948e545ba"
  },
  "lib/chainlink-local": {
    "tag": {
      "name": "v0.2.7-beta.0",
      "rev": "126337155f40ac9eb53f1f3483d104fd18caf380"
    }
  },
  "lib/forge-std": {
    "rev": "9b49a72cfdb36bcf195eb863f868f01a6d6d3186"
  },
  "lib/openzeppelin-contracts": {
    "rev": "96b95592c300a1b38953b276f0b6c77017f5c942"
  },
  "lib/openzeppelin-contracts-4.7.3": {
    "tag": {
      "name": "v4.7.3",
      "rev": "ecd2ca2cd7cac116f7a37d0e474bbb3d7d5e1c4d"
    }
  },
  "lib/openzeppelin-contracts-4.8.3": {
    "tag": {
      "name": "v4.8.3",
      "rev": "0a25c1940ca220686588c4af3ec526f725fe2582"
    }
  },
  "lib/openzeppelin-contracts-4.9.6": {
    "tag": {
      "name": "v4.9.6",
      "rev": "dc44c9f1a4c3b10af99492eed84f83ed244203f6"
    }
  },
  "lib/openzeppelin-contracts-5.0.2": {
    "tag": {
      "name": "v5.0.2",
      "rev": "dbb6104ce834628e473d2173bbc9d47f81a9eec3"
    }
  },
  "lib/openzeppelin-contracts-5.1.0": {
    "tag": {
      "name": "v5.1.0",
      "rev": "69c8def5f222ff96f2b5beff05dfba996368aa79"
    }
  }
}